github.com/damonto/libeuicc-go v0.0.0-20240912091507-a425e0ff4502 h1:oTg6/IlaEQ6kjdxOF/y9x5QYWx7Uv/iH3w0NEEh6jaQ=
github.com/damonto/libeuicc-go v0.0.0-20240912091507-a425e0ff4502/go.mod h1:/E4KPGI5yUzcgI0TROolgVCG0o3vf9bim/pAuCqipN8=
github.com/damonto/libeuicc-go v0.0.0-20240912114336-ac1314cf3c99 h1:zyn0ElKfei+aJAjTjjpV+PYn28zfcicNrGHql2skyxs=
github.com/damonto/libeuicc-go v0.0.0-20240912114336-ac1314cf3c99/go.mod h1:/E4KPGI5yUzcgI0TROolgVCG0o3vf9bim/pAuCqipN8=
